
Microsoft Visual Studio Solution File, Format Version 12.00
# Visual Studio 14
VisualStudioVersion = 14.0.25420.1
MinimumVisualStudioVersion = 10.0.40219.1
Project("{FAE04EC0-301F-11D3-BF4B-00C04F79EFBC}") = "SocialImagesGallary", "SocialImagesGallary\SocialImagesGallary.csproj", "{1ADB14A0-B6A8-44E3-A168-A18C35AFCE3B}"
EndProject
Project("{FAE04EC0-301F-11D3-BF4B-00C04F79EFBC}") = "DAL", "DAL\DAL.csproj", "{4F4468BD-8F25-473F-BE0C-0B3E6E0E2094}"
EndProject
Project("{FAE04EC0-301F-11D3-BF4B-00C04F79EFBC}") = "BLL", "BLL\BLL.csproj", "{D0E3D261-819B-4BDF-A5C0-6F896F3E0487}"
EndProject
Global
	GlobalSection(SolutionConfigurationPlatforms) = preSolution
		Debug|Any CPU = Debug|Any CPU
		Release|Any CPU = Release|Any CPU
	EndGlobalSection
	GlobalSection(ProjectConfigurationPlatforms) = postSolution
		{1ADB14A0-B6A8-44E3-A168-A18C35AFCE3B}.Debug|Any CPU.ActiveCfg = Debug|Any CPU
		{1ADB14A0-B6A8-44E3-A168-A18C35AFCE3B}.Debug|Any CPU.Build.0 = Debug|Any CPU
		{1ADB14A0-B6A8-44E3-A168-A18C35AFCE3B}.Release|Any CPU.ActiveCfg = Release|Any CPU
		{1ADB14A0-B6A8-44E3-A168-A18C35AFCE3B}.Release|Any CPU.Build.0 = Release|Any CPU
		{4F4468BD-8F25-473F-BE0C-0B3E6E0E2094}.Debug|Any CPU.ActiveCfg = Debug|Any CPU
		{4F4468BD-8F25-473F-BE0C-0B3E6E0E2094}.Debug|Any CPU.Build.0 = Debug|Any CPU
		{4F4468BD-8F25-473F-BE0C-0B3E6E0E2094}.Release|Any CPU.ActiveCfg = Release|Any CPU
		{4F4468BD-8F25-473F-BE0C-0B3E6E0E2094}.Release|Any CPU.Build.0 = Release|Any CPU
		{D0E3D261-819B-4BDF-A5C0-6F896F3E0487}.Debug|Any CPU.ActiveCfg = Debug|Any CPU
		{D0E3D261-819B-4BDF-A5C0-6F896F3E0487}.Debug|Any CPU.Build.0 = Debug|Any CPU
		{D0E3D261-819B-4BDF-A5C0-6F896F3E0487}.Release|Any CPU.ActiveCfg = Release|Any CPU
		{D0E3D261-819B-4BDF-A5C0-6F896F3E0487}.Release|Any CPU.Build.0 = Release|Any CPU
	EndGlobalSection
	GlobalSection(SolutionProperties) = preSolution
		HideSolutionNode = FALSE
	EndGlobalSection
EndGlobal
